github.com/BurntSushi/toml v1.2.1 h1:9F2/+DoOYIOksmaJFPw1tGFy1eDnIJXg+UHjuD8lTak=
github.com/BurntSushi/toml v1.2.1/go.mod h1:CxXYINrC8qIiEnFrOxCa7Jy5BFHlXnUU2pbicEuybxQ=
github.com/danbrakeley/bsh v0.1.4 h1:F8MdbGEzYDD5lvLm0lRBcrCKbs9C3zD7F+1oPILwDYM=
github.com/danbrakeley/bsh v0.1.4/go.mod h1:s6MsY0JONwbMmO6PucUyqTSULGTPTTdRMohD0iccFtA=
github.com/danbrakeley/commandline v1.0.0 h1:9qOX7wnJxECT0ZEZav6P5/GVdX/xSsPnIwQ9ptpMUuc=
github.com/danbrakeley/commandline v1.0.0/go.mod h1:TebcfPCZN3Dpc0DZMp68KTbVzCr07KCfAVkrYlLi2is=
github.com/danbrakeley/frog v0.8.2 h1:AKVxhmGCem/CySa3jHAhexxOldn7Fdpyev65ro36pEQ=
github.com/danbrakeley/frog v0.8.2/go.mod h1:+mVEEG5XzWoJ23LJ+tFTUJLFtrlaatMfOvOwiaCu7Sw=
github.com/magefile/mage v1.11.0/go.mod h1:z5UZb/iS3GoOSn0JgWuiw7dxlurVYTu+/jHXqQg881A=
github.com/magefile/mage v1.14.0 h1:6QDX3g6z1YvJ4olPhT1wksUcSa/V0a1B+pJb73fBjyo=
github.com/magefile/mage v1.14.0/go.mod h1:z5UZb/iS3GoOSn0JgWuiw7dxlurVYTu+/jHXqQg881A=
github.com/mattn/go-isatty v0.0.17 h1:BTarxUcIeDqL27Mc+vyvdWYSL28zpIhv3RoTdsLMPng=
github.com/mattn/go-isatty v0.0.17/go.mod h1:kYGgaQfpe5nmfYZH+SKPsOc2e4SrIfOl2e/yFXSvRLM=
golang.org/x/sys v0.0.0-20220811171246-fbc7d0a398ab/go.mod h1:oPkhp1MJrh7nUepCBck5+mAzfO9JrbApNNgaTdGDITg=
golang.org/x/sys v0.5.0/go.mod h1:oPkhp1MJrh7nUepCBck5+mAzfO9JrbApNNgaTdGDITg=
golang.org/x/sys v0.6.0 h1:MVltZSvRTcU2ljQOhs94SXPftV6DCNnZViHeQps87pQ=
golang.org/x/sys v0.6.0/go.mod h1:oPkhp1MJrh7nUepCBck5+mAzfO9JrbApNNgaTdGDITg=
