github.com/BurntSushi/toml v0.4.1 h1:GaI7EiDXDRfa8VshkTj7Fym7ha+y8/XxIgD2okUIjLw=
github.com/BurntSushi/toml v0.4.1/go.mod h1:CxXYINrC8qIiEnFrOxCa7Jy5BFHlXnUU2pbicEuybxQ=
github.com/danbrakeley/bs v0.1.3 h1:Amk4IMnz4J+whXTYG1qlGh8OQqDvWb7hdL1x8kgFFi0=
github.com/danbrakeley/bs v0.1.3/go.mod h1:L7HrpqW5Q+G8zVLSpdZMePKT4xlip2/54yF3kPHbxTQ=
github.com/danbrakeley/commandline v1.0.0 h1:9qOX7wnJxECT0ZEZav6P5/GVdX/xSsPnIwQ9ptpMUuc=
github.com/danbrakeley/commandline v1.0.0/go.mod h1:TebcfPCZN3Dpc0DZMp68KTbVzCr07KCfAVkrYlLi2is=
github.com/magefile/mage v1.11.0 h1:C/55Ywp9BpgVVclD3lRnSYCwXTYxmSppIgLeDYlNuls=
github.com/magefile/mage v1.11.0/go.mod h1:z5UZb/iS3GoOSn0JgWuiw7dxlurVYTu+/jHXqQg881A=
